
Microsoft Visual Studio Solution File, Format Version 12.00
Project("{FAE04EC0-301F-11D3-BF4B-00C04F79EFBC}") = "StableDiffusion.Api", "StableDiffusion.Api.csproj", "{3F4651CA-8816-46D8-B6D0-FE6CF94F255F}"
EndProject
Project("{FAE04EC0-301F-11D3-BF4B-00C04F79EFBC}") = "StableDiffusion.ML.OnnxRuntime", "..\StableDiffusion.ML.OnnxRuntime\StableDiffusion.ML.OnnxRuntime.csproj", "{D1246D37-6565-4AD5-8224-5A717F463572}"
EndProject
Global
	GlobalSection(SolutionConfigurationPlatforms) = preSolution
		Debug|Any CPU = Debug|Any CPU
		Release|Any CPU = Release|Any CPU
	EndGlobalSection
	GlobalSection(ProjectConfigurationPlatforms) = postSolution
	EndGlobalSection
EndGlobal
